
Microsoft Visual Studio Solution File, Format Version 12.00
# Visual Studio Version 16
VisualStudioVersion = 16.0.30114.105
MinimumVisualStudioVersion = 10.0.40219.1
Project("{FAE04EC0-301F-11D3-BF4B-00C04F79EFBC}") = "ArdalisRating", "ArdalisRating\ArdalisRating.csproj", "{A24EFD0B-E4AF-4E6E-9B8A-2C999A57EFB3}"
EndProject
Project("{FAE04EC0-301F-11D3-BF4B-00C04F79EFBC}") = "ArdalisRating.Tests", "ArdalisRating.Tests\ArdalisRating.Tests.csproj", "{896CCFC4-4B94-4C9A-A95A-61D80D44C492}"
EndProject
Global
	GlobalSection(SolutionProperties) = preSolution
		HideSolutionNode = FALSE
	EndGlobalSection
	GlobalSection(SolutionConfigurationPlatforms) = preSolution
		Debug|Any CPU = Debug|Any CPU
		Debug|x64 = Debug|x64
		Debug|x86 = Debug|x86
		Release|Any CPU = Release|Any CPU
		Release|x64 = Release|x64
		Release|x86 = Release|x86
	EndGlobalSection
	GlobalSection(ProjectConfigurationPlatforms) = postSolution
		{A24EFD0B-E4AF-4E6E-9B8A-2C999A57EFB3}.Debug|Any CPU.ActiveCfg = Debug|Any CPU
		{A24EFD0B-E4AF-4E6E-9B8A-2C999A57EFB3}.Debug|Any CPU.Build.0 = Debug|Any CPU
		{A24EFD0B-E4AF-4E6E-9B8A-2C999A57EFB3}.Debug|x64.ActiveCfg = Debug|Any CPU
		{A24EFD0B-E4AF-4E6E-9B8A-2C999A57EFB3}.Debug|x64.Build.0 = Debug|Any CPU
		{A24EFD0B-E4AF-4E6E-9B8A-2C999A57EFB3}.Debug|x86.ActiveCfg = Debug|Any CPU
		{A24EFD0B-E4AF-4E6E-9B8A-2C999A57EFB3}.Debug|x86.Build.0 = Debug|Any CPU
		{A24EFD0B-E4AF-4E6E-9B8A-2C999A57EFB3}.Release|Any CPU.ActiveCfg = Release|Any CPU
		{A24EFD0B-E4AF-4E6E-9B8A-2C999A57EFB3}.Release|Any CPU.Build.0 = Release|Any CPU
		{A24EFD0B-E4AF-4E6E-9B8A-2C999A57EFB3}.Release|x64.ActiveCfg = Release|Any CPU
		{A24EFD0B-E4AF-4E6E-9B8A-2C999A57EFB3}.Release|x64.Build.0 = Release|Any CPU
		{A24EFD0B-E4AF-4E6E-9B8A-2C999A57EFB3}.Release|x86.ActiveCfg = Release|Any CPU
		{A24EFD0B-E4AF-4E6E-9B8A-2C999A57EFB3}.Release|x86.Build.0 = Release|Any CPU
		{896CCFC4-4B94-4C9A-A95A-61D80D44C492}.Debug|Any CPU.ActiveCfg = Debug|Any CPU
		{896CCFC4-4B94-4C9A-A95A-61D80D44C492}.Debug|Any CPU.Build.0 = Debug|Any CPU
		{896CCFC4-4B94-4C9A-A95A-61D80D44C492}.Debug|x64.ActiveCfg = Debug|Any CPU
		{896CCFC4-4B94-4C9A-A95A-61D80D44C492}.Debug|x64.Build.0 = Debug|Any CPU
		{896CCFC4-4B94-4C9A-A95A-61D80D44C492}.Debug|x86.ActiveCfg = Debug|Any CPU
		{896CCFC4-4B94-4C9A-A95A-61D80D44C492}.Debug|x86.Build.0 = Debug|Any CPU
		{896CCFC4-4B94-4C9A-A95A-61D80D44C492}.Release|Any CPU.ActiveCfg = Release|Any CPU
		{896CCFC4-4B94-4C9A-A95A-61D80D44C492}.Release|Any CPU.Build.0 = Release|Any CPU
		{896CCFC4-4B94-4C9A-A95A-61D80D44C492}.Release|x64.ActiveCfg = Release|Any CPU
		{896CCFC4-4B94-4C9A-A95A-61D80D44C492}.Release|x64.Build.0 = Release|Any CPU
		{896CCFC4-4B94-4C9A-A95A-61D80D44C492}.Release|x86.ActiveCfg = Release|Any CPU
		{896CCFC4-4B94-4C9A-A95A-61D80D44C492}.Release|x86.Build.0 = Release|Any CPU
	EndGlobalSection
EndGlobal
